
Microsoft Visual Studio Solution File, Format Version 12.00
# Visual Studio Version 16
VisualStudioVersion = 16.0.29709.97
MinimumVisualStudioVersion = 10.0.40219.1
Project("{FAE04EC0-301F-11D3-BF4B-00C04F79EFBC}") = "sPay", "sPay\sPay.csproj", "{FFDAAE1D-8D31-4140-9C00-C86C687E8C83}"
EndProject
Global
	GlobalSection(SolutionConfigurationPlatforms) = preSolution
		Debug|Any CPU = Debug|Any CPU
		Release|Any CPU = Release|Any CPU
	EndGlobalSection
	GlobalSection(ProjectConfigurationPlatforms) = postSolution
		{FFDAAE1D-8D31-4140-9C00-C86C687E8C83}.Debug|Any CPU.ActiveCfg = Debug|Any CPU
		{FFDAAE1D-8D31-4140-9C00-C86C687E8C83}.Debug|Any CPU.Build.0 = Debug|Any CPU
		{FFDAAE1D-8D31-4140-9C00-C86C687E8C83}.Debug|Any CPU.Deploy.0 = Debug|Any CPU
		{FFDAAE1D-8D31-4140-9C00-C86C687E8C83}.Release|Any CPU.ActiveCfg = Release|Any CPU
		{FFDAAE1D-8D31-4140-9C00-C86C687E8C83}.Release|Any CPU.Build.0 = Release|Any CPU
		{FFDAAE1D-8D31-4140-9C00-C86C687E8C83}.Release|Any CPU.Deploy.0 = Release|Any CPU
	EndGlobalSection
	GlobalSection(SolutionProperties) = preSolution
		HideSolutionNode = FALSE
	EndGlobalSection
	GlobalSection(ExtensibilityGlobals) = postSolution
		SolutionGuid = {40AE2A31-CBFD-4504-BCE4-7AD93C7B421B}
	EndGlobalSection
EndGlobal
